
Microsoft Visual Studio Solution File, Format Version 12.00
# Visual Studio Version 17
VisualStudioVersion = 17.3.32922.545
MinimumVisualStudioVersion = 10.0.40219.1
Project("{FAE04EC0-301F-11D3-BF4B-00C04F79EFBC}") = "ConceptsPOO", "ConceptsPOO\ConceptsPOO.csproj", "{218256A7-3AF6-46DA-BCE4-58480B1D57D7}"
EndProject
Global
	GlobalSection(SolutionConfigurationPlatforms) = preSolution
		Debug|Any CPU = Debug|Any CPU
		Release|Any CPU = Release|Any CPU
	EndGlobalSection
	GlobalSection(ProjectConfigurationPlatforms) = postSolution
		{218256A7-3AF6-46DA-BCE4-58480B1D57D7}.Debug|Any CPU.ActiveCfg = Debug|Any CPU
		{218256A7-3AF6-46DA-BCE4-58480B1D57D7}.Debug|Any CPU.Build.0 = Debug|Any CPU
		{218256A7-3AF6-46DA-BCE4-58480B1D57D7}.Release|Any CPU.ActiveCfg = Release|Any CPU
		{218256A7-3AF6-46DA-BCE4-58480B1D57D7}.Release|Any CPU.Build.0 = Release|Any CPU
	EndGlobalSection
	GlobalSection(SolutionProperties) = preSolution
		HideSolutionNode = FALSE
	EndGlobalSection
	GlobalSection(ExtensibilityGlobals) = postSolution
		SolutionGuid = {4F577D23-0972-4F40-83D3-ED5F55B86FA2}
	EndGlobalSection
EndGlobal
